<?xml version="1.0" encoding="UTF-8"?>
<!DOCTYPE plist PUBLIC "-//Apple//DTD PLIST 1.0//EN" "http://www.apple.com/DTDs/PropertyList-1.0.dtd">
<plist version="1.0">
<dict>
	<key>archiveVersion</key>
	<string>1</string>
	<key>classes</key>
	<dict/>
	<key>objectVersion</key>
	<string>46</string>
	<key>objects</key>
	<dict>
		<key>5419FD94D6F04141B7FD1047</key>
		<dict>
			<key>fileRef</key>
			<string>5AA0A8527F3941F4BACE62D3</string>
			<key>isa</key>
			<string>PBXBuildFile</string>
		</dict>
		<key>5AA0A8527F3941F4BACE62D3</key>
		<dict>
			<key>explicitFileType</key>
			<string>archive.ar</string>
			<key>includeInIndex</key>
			<string>0</string>
			<key>isa</key>
			<string>PBXFileReference</string>
			<key>path</key>
			<string>libPods-LayoutDemo.a</string>
			<key>sourceTree</key>
			<string>BUILT_PRODUCTS_DIR</string>
		</dict>
		<key>6FFE135E795D4F5DAC36D819</key>
		<dict>
			<key>includeInIndex</key>
			<string>1</string>
			<key>isa</key>
			<string>PBXFileReference</string>
			<key>lastKnownFileType</key>
			<string>text.xcconfig</string>
			<key>name</key>
			<string>Pods-LayoutDemo.xcconfig</string>
			<key>path</key>
			<string>Pods/Pods-LayoutDemo.xcconfig</string>
			<key>sourceTree</key>
			<string>&lt;group&gt;</string>
		</dict>
		<key>85A2CE37F03946F79AB06120</key>
		<dict>
			<key>buildActionMask</key>
			<string>2147483647</string>
			<key>files</key>
			<array/>
			<key>inputPaths</key>
			<array/>
			<key>isa</key>
			<string>PBXShellScriptBuildPhase</string>
			<key>name</key>
			<string>Check Pods Manifest.lock</string>
			<key>outputPaths</key>
			<array/>
			<key>runOnlyForDeploymentPostprocessing</key>
			<string>0</string>
			<key>shellPath</key>
			<string>/bin/sh</string>
			<key>shellScript</key>
			<string>diff "${PODS_ROOT}/../Podfile.lock" "${PODS_ROOT}/Manifest.lock" &gt; /dev/null
if [[ $? != 0 ]] ; then
    cat &lt;&lt; EOM
error: The sandbox is not in sync with the Podfile.lock. Run 'pod install' or update your CocoaPods installation.
EOM
    exit 1
fi
</string>
			<key>showEnvVarsInLog</key>
			<string>0</string>
		</dict>
		<key>A1F2D556F01D4B72BDD07C54</key>
		<dict>
			<key>buildActionMask</key>
			<string>2147483647</string>
			<key>files</key>
			<array/>
			<key>inputPaths</key>
			<array/>
			<key>isa</key>
			<string>PBXShellScriptBuildPhase</string>
			<key>name</key>
			<string>Copy Pods Resources</string>
			<key>outputPaths</key>
			<array/>
			<key>runOnlyForDeploymentPostprocessing</key>
			<string>0</string>
			<key>shellPath</key>
			<string>/bin/sh</string>
			<key>shellScript</key>
			<string>"${SRCROOT}/Pods/Pods-LayoutDemo-resources.sh"
</string>
			<key>showEnvVarsInLog</key>
			<string>0</string>
		</dict>
		<key>D3EBC85C18863D5E00194736</key>
		<dict>
			<key>children</key>
			<array>
				<string>D3EBC86E18863D5E00194736</string>
				<string>D3EBC88718863D5E00194736</string>
				<string>D3EBC86718863D5E00194736</string>
				<string>D3EBC86618863D5E00194736</string>
				<string>6FFE135E795D4F5DAC36D819</string>
			</array>
			<key>isa</key>
			<string>PBXGroup</string>
			<key>sourceTree</key>
			<string>&lt;group&gt;</string>
		</dict>
		<key>D3EBC85D18863D5E00194736</key>
		<dict>
			<key>attributes</key>
			<dict>
				<key>CLASSPREFIX</key>
				<string>PTL</string>
				<key>LastUpgradeCheck</key>
				<string>0500</string>
				<key>ORGANIZATIONNAME</key>
				<string>Pear Tree Labs</string>
				<key>TargetAttributes</key>
				<dict>
					<key>D3EBC87F18863D5E00194736</key>
					<dict>
						<key>TestTargetID</key>
						<string>D3EBC86418863D5E00194736</string>
					</dict>
				</dict>
			</dict>
			<key>buildConfigurationList</key>
			<string>D3EBC86018863D5E00194736</string>
			<key>compatibilityVersion</key>
			<string>Xcode 3.2</string>
			<key>developmentRegion</key>
			<string>English</string>
			<key>hasScannedForEncodings</key>
			<string>0</string>
			<key>isa</key>
			<string>PBXProject</string>
			<key>knownRegions</key>
			<array>
				<string>en</string>
			</array>
			<key>mainGroup</key>
			<string>D3EBC85C18863D5E00194736</string>
			<key>productRefGroup</key>
			<string>D3EBC86618863D5E00194736</string>
			<key>projectDirPath</key>
			<string></string>
			<key>projectReferences</key>
			<array/>
			<key>projectRoot</key>
			<string></string>
			<key>targets</key>
			<array>
				<string>D3EBC86418863D5E00194736</string>
				<string>D3EBC87F18863D5E00194736</string>
			</array>
		</dict>
		<key>D3EBC86018863D5E00194736</key>
		<dict>
			<key>buildConfigurations</key>
			<array>
				<string>D3EBC88F18863D5E00194736</string>
				<string>D3EBC89018863D5E00194736</string>
			</array>
			<key>defaultConfigurationIsVisible</key>
			<string>0</string>
			<key>defaultConfigurationName</key>
			<string>Release</string>
			<key>isa</key>
			<string>XCConfigurationList</string>
		</dict>
		<key>D3EBC86118863D5E00194736</key>
		<dict>
			<key>buildActionMask</key>
			<string>2147483647</string>
			<key>files</key>
			<array>
				<string>D3EBC8A9188642DF00194736</string>
				<string>D3EBC87518863D5E00194736</string>
				<string>D3EBC89F18863DCB00194736</string>
				<string>D3EBC89918863D7F00194736</string>
				<string>D3EBC87918863D5E00194736</string>
				<string>D3EBC8A218863DEE00194736</string>
			</array>
			<key>isa</key>
			<string>PBXSourcesBuildPhase</string>
			<key>runOnlyForDeploymentPostprocessing</key>
			<string>0</string>
		</dict>
		<key>D3EBC86218863D5E00194736</key>
		<dict>
			<key>buildActionMask</key>
			<string>2147483647</string>
			<key>files</key>
			<array>
				<string>D3EBC86B18863D5E00194736</string>
				<string>D3EBC86D18863D5E00194736</string>
				<string>D3EBC86918863D5E00194736</string>
				<string>5419FD94D6F04141B7FD1047</string>
			</array>
			<key>isa</key>
			<string>PBXFrameworksBuildPhase</string>
			<key>runOnlyForDeploymentPostprocessing</key>
			<string>0</string>
		</dict>
		<key>D3EBC86318863D5E00194736</key>
		<dict>
			<key>buildActionMask</key>
			<string>2147483647</string>
			<key>files</key>
			<array>
				<string>D3EBC87318863D5E00194736</string>
				<string>D3EBC8A418863DFE00194736</string>
				<string>D3EBC87B18863D5E00194736</string>
			</array>
			<key>isa</key>
			<string>PBXResourcesBuildPhase</string>
			<key>runOnlyForDeploymentPostprocessing</key>
			<string>0</string>
		</dict>
		<key>D3EBC86418863D5E00194736</key>
		<dict>
			<key>buildConfigurationList</key>
			<string>D3EBC89118863D5E00194736</string>
			<key>buildPhases</key>
			<array>
				<string>85A2CE37F03946F79AB06120</string>
				<string>D3EBC86118863D5E00194736</string>
				<string>D3EBC86218863D5E00194736</string>
				<string>D3EBC86318863D5E00194736</string>
				<string>A1F2D556F01D4B72BDD07C54</string>
			</array>
			<key>buildRules</key>
			<array/>
			<key>dependencies</key>
			<array/>
			<key>isa</key>
			<string>PBXNativeTarget</string>
			<key>name</key>
			<string>LayoutDemo</string>
			<key>productName</key>
			<string>LayoutDemo</string>
			<key>productReference</key>
			<string>D3EBC86518863D5E00194736</string>
			<key>productType</key>
			<string>com.apple.product-type.application</string>
		</dict>
		<key>D3EBC86518863D5E00194736</key>
		<dict>
			<key>explicitFileType</key>
			<string>wrapper.application</string>
			<key>includeInIndex</key>
			<string>0</string>
			<key>isa</key>
			<string>PBXFileReference</string>
			<key>path</key>
			<string>LayoutDemo.app</string>
			<key>sourceTree</key>
			<string>BUILT_PRODUCTS_DIR</string>
		</dict>
		<key>D3EBC86618863D5E00194736</key>
		<dict>
			<key>children</key>
			<array>
				<string>D3EBC86518863D5E00194736</string>
				<string>D3EBC88018863D5E00194736</string>
			</array>
			<key>isa</key>
			<string>PBXGroup</string>
			<key>name</key>
			<string>Products</string>
			<key>sourceTree</key>
			<string>&lt;group&gt;</string>
		</dict>
		<key>D3EBC86718863D5E00194736</key>
		<dict>
			<key>children</key>
			<array>
				<string>D3EBC86818863D5E00194736</string>
				<string>D3EBC86A18863D5E00194736</string>
				<string>D3EBC86C18863D5E00194736</string>
				<string>D3EBC88118863D5E00194736</string>
				<string>5AA0A8527F3941F4BACE62D3</string>
			</array>
			<key>isa</key>
			<string>PBXGroup</string>
			<key>name</key>
			<string>Frameworks</string>
			<key>sourceTree</key>
			<string>&lt;group&gt;</string>
		</dict>
		<key>D3EBC86818863D5E00194736</key>
		<dict>
			<key>isa</key>
			<string>PBXFileReference</string>
			<key>lastKnownFileType</key>
			<string>wrapper.framework</string>
			<key>name</key>
			<string>Foundation.framework</string>
			<key>path</key>
			<string>System/Library/Frameworks/Foundation.framework</string>
			<key>sourceTree</key>
			<string>SDKROOT</string>
		</dict>
		<key>D3EBC86918863D5E00194736</key>
		<dict>
			<key>fileRef</key>
			<string>D3EBC86818863D5E00194736</string>
			<key>isa</key>
			<string>PBXBuildFile</string>
		</dict>
		<key>D3EBC86A18863D5E00194736</key>
		<dict>
			<key>isa</key>
			<string>PBXFileReference</string>
			<key>lastKnownFileType</key>
			<string>wrapper.framework</string>
			<key>name</key>
			<string>CoreGraphics.framework</string>
			<key>path</key>
			<string>System/Library/Frameworks/CoreGraphics.framework</string>
			<key>sourceTree</key>
			<string>SDKROOT</string>
		</dict>
		<key>D3EBC86B18863D5E00194736</key>
		<dict>
			<key>fileRef</key>
			<string>D3EBC86A18863D5E00194736</string>
			<key>isa</key>
			<string>PBXBuildFile</string>
		</dict>
		<key>D3EBC86C18863D5E00194736</key>
		<dict>
			<key>isa</key>
			<string>PBXFileReference</string>
			<key>lastKnownFileType</key>
			<string>wrapper.framework</string>
			<key>name</key>
			<string>UIKit.framework</string>
			<key>path</key>
			<string>System/Library/Frameworks/UIKit.framework</string>
			<key>sourceTree</key>
			<string>SDKROOT</string>
		</dict>
		<key>D3EBC86D18863D5E00194736</key>
		<dict>
			<key>fileRef</key>
			<string>D3EBC86C18863D5E00194736</string>
			<key>isa</key>
			<string>PBXBuildFile</string>
		</dict>
		<key>D3EBC86E18863D5E00194736</key>
		<dict>
			<key>children</key>
			<array>
				<string>D3EBC8A618863E8200194736</string>
				<string>D3EBC8A518863E6F00194736</string>
				<string>D3EBC87718863D5E00194736</string>
				<string>D3EBC87818863D5E00194736</string>
				<string>D3EBC87A18863D5E00194736</string>
				<string>D3EBC86F18863D5E00194736</string>
			</array>
			<key>isa</key>
			<string>PBXGroup</string>
			<key>path</key>
			<string>LayoutDemo</string>
			<key>sourceTree</key>
			<string>&lt;group&gt;</string>
		</dict>
		<key>D3EBC86F18863D5E00194736</key>
		<dict>
			<key>children</key>
			<array>
				<string>D3EBC87018863D5E00194736</string>
				<string>D3EBC87118863D5E00194736</string>
				<string>D3EBC87418863D5E00194736</string>
				<string>D3EBC87618863D5E00194736</string>
			</array>
			<key>isa</key>
			<string>PBXGroup</string>
			<key>name</key>
			<string>Supporting Files</string>
			<key>sourceTree</key>
			<string>&lt;group&gt;</string>
		</dict>
		<key>D3EBC87018863D5E00194736</key>
		<dict>
			<key>isa</key>
			<string>PBXFileReference</string>
			<key>lastKnownFileType</key>
			<string>text.plist.xml</string>
			<key>path</key>
			<string>LayoutDemo-Info.plist</string>
			<key>sourceTree</key>
			<string>&lt;group&gt;</string>
		</dict>
		<key>D3EBC87118863D5E00194736</key>
		<dict>
			<key>children</key>
			<array>
				<string>D3EBC87218863D5E00194736</string>
			</array>
			<key>isa</key>
			<string>PBXVariantGroup</string>
			<key>name</key>
			<string>InfoPlist.strings</string>
			<key>sourceTree</key>
			<string>&lt;group&gt;</string>
		</dict>
		<key>D3EBC87218863D5E00194736</key>
		<dict>
			<key>isa</key>
			<string>PBXFileReference</string>
			<key>lastKnownFileType</key>
			<string>text.plist.strings</string>
			<key>name</key>
			<string>en</string>
			<key>path</key>
			<string>en.lproj/InfoPlist.strings</string>
			<key>sourceTree</key>
			<string>&lt;group&gt;</string>
		</dict>
		<key>D3EBC87318863D5E00194736</key>
		<dict>
			<key>fileRef</key>
			<string>D3EBC87118863D5E00194736</string>
			<key>isa</key>
			<string>PBXBuildFile</string>
		</dict>
		<key>D3EBC87418863D5E00194736</key>
		<dict>
			<key>isa</key>
			<string>PBXFileReference</string>
			<key>lastKnownFileType</key>
			<string>sourcecode.c.objc</string>
			<key>path</key>
			<string>main.m</string>
			<key>sourceTree</key>
			<string>&lt;group&gt;</string>
		</dict>
		<key>D3EBC87518863D5E00194736</key>
		<dict>
			<key>fileRef</key>
			<string>D3EBC87418863D5E00194736</string>
			<key>isa</key>
			<string>PBXBuildFile</string>
		</dict>
		<key>D3EBC87618863D5E00194736</key>
		<dict>
			<key>isa</key>
			<string>PBXFileReference</string>
			<key>lastKnownFileType</key>
			<string>sourcecode.c.h</string>
			<key>path</key>
			<string>LayoutDemo-Prefix.pch</string>
			<key>sourceTree</key>
			<string>&lt;group&gt;</string>
		</dict>
		<key>D3EBC87718863D5E00194736</key>
		<dict>
			<key>isa</key>
			<string>PBXFileReference</string>
			<key>lastKnownFileType</key>
			<string>sourcecode.c.h</string>
			<key>path</key>
			<string>PTLAppDelegate.h</string>
			<key>sourceTree</key>
			<string>&lt;group&gt;</string>
		</dict>
		<key>D3EBC87818863D5E00194736</key>
		<dict>
			<key>isa</key>
			<string>PBXFileReference</string>
			<key>lastKnownFileType</key>
			<string>sourcecode.c.objc</string>
			<key>path</key>
			<string>PTLAppDelegate.m</string>
			<key>sourceTree</key>
			<string>&lt;group&gt;</string>
		</dict>
		<key>D3EBC87918863D5E00194736</key>
		<dict>
			<key>fileRef</key>
			<string>D3EBC87818863D5E00194736</string>
			<key>isa</key>
			<string>PBXBuildFile</string>
		</dict>
		<key>D3EBC87A18863D5E00194736</key>
		<dict>
			<key>isa</key>
			<string>PBXFileReference</string>
			<key>lastKnownFileType</key>
			<string>folder.assetcatalog</string>
			<key>path</key>
			<string>Images.xcassets</string>
			<key>sourceTree</key>
			<string>&lt;group&gt;</string>
		</dict>
		<key>D3EBC87B18863D5E00194736</key>
		<dict>
			<key>fileRef</key>
			<string>D3EBC87A18863D5E00194736</string>
			<key>isa</key>
			<string>PBXBuildFile</string>
		</dict>
		<key>D3EBC87C18863D5E00194736</key>
		<dict>
			<key>buildActionMask</key>
			<string>2147483647</string>
			<key>files</key>
			<array>
				<string>D3EBC88E18863D5E00194736</string>
			</array>
			<key>isa</key>
			<string>PBXSourcesBuildPhase</string>
			<key>runOnlyForDeploymentPostprocessing</key>
			<string>0</string>
		</dict>
		<key>D3EBC87D18863D5E00194736</key>
		<dict>
			<key>buildActionMask</key>
			<string>2147483647</string>
			<key>files</key>
			<array>
				<string>D3EBC88218863D5E00194736</string>
				<string>D3EBC88418863D5E00194736</string>
				<string>D3EBC88318863D5E00194736</string>
			</array>
			<key>isa</key>
			<string>PBXFrameworksBuildPhase</string>
			<key>runOnlyForDeploymentPostprocessing</key>
			<string>0</string>
		</dict>
		<key>D3EBC87E18863D5E00194736</key>
		<dict>
			<key>buildActionMask</key>
			<string>2147483647</string>
			<key>files</key>
			<array>
				<string>D3EBC88C18863D5E00194736</string>
			</array>
			<key>isa</key>
			<string>PBXResourcesBuildPhase</string>
			<key>runOnlyForDeploymentPostprocessing</key>
			<string>0</string>
		</dict>
		<key>D3EBC87F18863D5E00194736</key>
		<dict>
			<key>buildConfigurationList</key>
			<string>D3EBC89418863D5E00194736</string>
			<key>buildPhases</key>
			<array>
				<string>D3EBC87C18863D5E00194736</string>
				<string>D3EBC87D18863D5E00194736</string>
				<string>D3EBC87E18863D5E00194736</string>
			</array>
			<key>buildRules</key>
			<array/>
			<key>dependencies</key>
			<array>
				<string>D3EBC88618863D5E00194736</string>
			</array>
			<key>isa</key>
			<string>PBXNativeTarget</string>
			<key>name</key>
			<string>LayoutDemoTests</string>
			<key>productName</key>
			<string>LayoutDemoTests</string>
			<key>productReference</key>
			<string>D3EBC88018863D5E00194736</string>
			<key>productType</key>
			<string>com.apple.product-type.bundle.unit-test</string>
		</dict>
		<key>D3EBC88018863D5E00194736</key>
		<dict>
			<key>explicitFileType</key>
			<string>wrapper.cfbundle</string>
			<key>includeInIndex</key>
			<string>0</string>
			<key>isa</key>
			<string>PBXFileReference</string>
			<key>path</key>
			<string>LayoutDemoTests.xctest</string>
			<key>sourceTree</key>
			<string>BUILT_PRODUCTS_DIR</string>
		</dict>
		<key>D3EBC88118863D5E00194736</key>
		<dict>
			<key>isa</key>
			<string>PBXFileReference</string>
			<key>lastKnownFileType</key>
			<string>wrapper.framework</string>
			<key>name</key>
			<string>XCTest.framework</string>
			<key>path</key>
			<string>Library/Frameworks/XCTest.framework</string>
			<key>sourceTree</key>
			<string>DEVELOPER_DIR</string>
		</dict>
		<key>D3EBC88218863D5E00194736</key>
		<dict>
			<key>fileRef</key>
			<string>D3EBC88118863D5E00194736</string>
			<key>isa</key>
			<string>PBXBuildFile</string>
		</dict>
		<key>D3EBC88318863D5E00194736</key>
		<dict>
			<key>fileRef</key>
			<string>D3EBC86818863D5E00194736</string>
			<key>isa</key>
			<string>PBXBuildFile</string>
		</dict>
		<key>D3EBC88418863D5E00194736</key>
		<dict>
			<key>fileRef</key>
			<string>D3EBC86C18863D5E00194736</string>
			<key>isa</key>
			<string>PBXBuildFile</string>
		</dict>
		<key>D3EBC88518863D5E00194736</key>
		<dict>
			<key>containerPortal</key>
			<string>D3EBC85D18863D5E00194736</string>
			<key>isa</key>
			<string>PBXContainerItemProxy</string>
			<key>proxyType</key>
			<string>1</string>
			<key>remoteGlobalIDString</key>
			<string>D3EBC86418863D5E00194736</string>
			<key>remoteInfo</key>
			<string>LayoutDemo</string>
		</dict>
		<key>D3EBC88618863D5E00194736</key>
		<dict>
			<key>isa</key>
			<string>PBXTargetDependency</string>
			<key>target</key>
			<string>D3EBC86418863D5E00194736</string>
			<key>targetProxy</key>
			<string>D3EBC88518863D5E00194736</string>
		</dict>
		<key>D3EBC88718863D5E00194736</key>
		<dict>
			<key>children</key>
			<array>
				<string>D3EBC88D18863D5E00194736</string>
				<string>D3EBC88818863D5E00194736</string>
			</array>
			<key>isa</key>
			<string>PBXGroup</string>
			<key>path</key>
			<string>LayoutDemoTests</string>
			<key>sourceTree</key>
			<string>&lt;group&gt;</string>
		</dict>
		<key>D3EBC88818863D5E00194736</key>
		<dict>
			<key>children</key>
			<array>
				<string>D3EBC88918863D5E00194736</string>
				<string>D3EBC88A18863D5E00194736</string>
			</array>
			<key>isa</key>
			<string>PBXGroup</string>
			<key>name</key>
			<string>Supporting Files</string>
			<key>sourceTree</key>
			<string>&lt;group&gt;</string>
		</dict>
		<key>D3EBC88918863D5E00194736</key>
		<dict>
			<key>isa</key>
			<string>PBXFileReference</string>
			<key>lastKnownFileType</key>
			<string>text.plist.xml</string>
			<key>path</key>
			<string>LayoutDemoTests-Info.plist</string>
			<key>sourceTree</key>
			<string>&lt;group&gt;</string>
		</dict>
		<key>D3EBC88A18863D5E00194736</key>
		<dict>
			<key>children</key>
			<array>
				<string>D3EBC88B18863D5E00194736</string>
			</array>
			<key>isa</key>
			<string>PBXVariantGroup</string>
			<key>name</key>
			<string>InfoPlist.strings</string>
			<key>sourceTree</key>
			<string>&lt;group&gt;</string>
		</dict>
		<key>D3EBC88B18863D5E00194736</key>
		<dict>
			<key>isa</key>
			<string>PBXFileReference</string>
			<key>lastKnownFileType</key>
			<string>text.plist.strings</string>
			<key>name</key>
			<string>en</string>
			<key>path</key>
			<string>en.lproj/InfoPlist.strings</string>
			<key>sourceTree</key>
			<string>&lt;group&gt;</string>
		</dict>
		<key>D3EBC88C18863D5E00194736</key>
		<dict>
			<key>fileRef</key>
			<string>D3EBC88A18863D5E00194736</string>
			<key>isa</key>
			<string>PBXBuildFile</string>
		</dict>
		<key>D3EBC88D18863D5E00194736</key>
		<dict>
			<key>isa</key>
			<string>PBXFileReference</string>
			<key>lastKnownFileType</key>
			<string>sourcecode.c.objc</string>
			<key>path</key>
			<string>LayoutDemoTests.m</string>
			<key>sourceTree</key>
			<string>&lt;group&gt;</string>
		</dict>
		<key>D3EBC88E18863D5E00194736</key>
		<dict>
			<key>fileRef</key>
			<string>D3EBC88D18863D5E00194736</string>
			<key>isa</key>
			<string>PBXBuildFile</string>
		</dict>
		<key>D3EBC88F18863D5E00194736</key>
		<dict>
			<key>buildSettings</key>
			<dict>
				<key>ALWAYS_SEARCH_USER_PATHS</key>
				<string>NO</string>
				<key>ARCHS</key>
				<string>$(ARCHS_STANDARD_INCLUDING_64_BIT)</string>
				<key>CLANG_CXX_LANGUAGE_STANDARD</key>
				<string>gnu++0x</string>
				<key>CLANG_CXX_LIBRARY</key>
				<string>libc++</string>
				<key>CLANG_ENABLE_MODULES</key>
				<string>YES</string>
				<key>CLANG_ENABLE_OBJC_ARC</key>
				<string>YES</string>
				<key>CLANG_WARN_BOOL_CONVERSION</key>
				<string>YES</string>
				<key>CLANG_WARN_CONSTANT_CONVERSION</key>
				<string>YES</string>
				<key>CLANG_WARN_DIRECT_OBJC_ISA_USAGE</key>
				<string>YES_ERROR</string>
				<key>CLANG_WARN_EMPTY_BODY</key>
				<string>YES</string>
				<key>CLANG_WARN_ENUM_CONVERSION</key>
				<string>YES</string>
				<key>CLANG_WARN_INT_CONVERSION</key>
				<string>YES</string>
				<key>CLANG_WARN_OBJC_ROOT_CLASS</key>
				<string>YES_ERROR</string>
				<key>CLANG_WARN__DUPLICATE_METHOD_MATCH</key>
				<string>YES</string>
				<key>CODE_SIGN_IDENTITY[sdk=iphoneos*]</key>
				<string>iPhone Developer</string>
				<key>COPY_PHASE_STRIP</key>
				<string>NO</string>
				<key>GCC_C_LANGUAGE_STANDARD</key>
				<string>gnu99</string>
				<key>GCC_DYNAMIC_NO_PIC</key>
				<string>NO</string>
				<key>GCC_OPTIMIZATION_LEVEL</key>
				<string>0</string>
				<key>GCC_PREPROCESSOR_DEFINITIONS</key>
				<array>
					<string>DEBUG=1</string>
					<string>$(inherited)</string>
				</array>
				<key>GCC_SYMBOLS_PRIVATE_EXTERN</key>
				<string>NO</string>
				<key>GCC_WARN_64_TO_32_BIT_CONVERSION</key>
				<string>YES</string>
				<key>GCC_WARN_ABOUT_RETURN_TYPE</key>
				<string>YES_ERROR</string>
				<key>GCC_WARN_UNDECLARED_SELECTOR</key>
				<string>YES</string>
				<key>GCC_WARN_UNINITIALIZED_AUTOS</key>
				<string>YES</string>
				<key>GCC_WARN_UNUSED_FUNCTION</key>
				<string>YES</string>
				<key>GCC_WARN_UNUSED_VARIABLE</key>
				<string>YES</string>
				<key>IPHONEOS_DEPLOYMENT_TARGET</key>
				<string>7.0</string>
				<key>ONLY_ACTIVE_ARCH</key>
				<string>YES</string>
				<key>SDKROOT</key>
				<string>iphoneos</string>
			</dict>
			<key>isa</key>
			<string>XCBuildConfiguration</string>
			<key>name</key>
			<string>Debug</string>
		</dict>
		<key>D3EBC89018863D5E00194736</key>
		<dict>
			<key>buildSettings</key>
			<dict>
				<key>ALWAYS_SEARCH_USER_PATHS</key>
				<string>NO</string>
				<key>ARCHS</key>
				<string>$(ARCHS_STANDARD_INCLUDING_64_BIT)</string>
				<key>CLANG_CXX_LANGUAGE_STANDARD</key>
				<string>gnu++0x</string>
				<key>CLANG_CXX_LIBRARY</key>
				<string>libc++</string>
				<key>CLANG_ENABLE_MODULES</key>
				<string>YES</string>
				<key>CLANG_ENABLE_OBJC_ARC</key>
				<string>YES</string>
				<key>CLANG_WARN_BOOL_CONVERSION</key>
				<string>YES</string>
				<key>CLANG_WARN_CONSTANT_CONVERSION</key>
				<string>YES</string>
				<key>CLANG_WARN_DIRECT_OBJC_ISA_USAGE</key>
				<string>YES_ERROR</string>
				<key>CLANG_WARN_EMPTY_BODY</key>
				<string>YES</string>
				<key>CLANG_WARN_ENUM_CONVERSION</key>
				<string>YES</string>
				<key>CLANG_WARN_INT_CONVERSION</key>
				<string>YES</string>
				<key>CLANG_WARN_OBJC_ROOT_CLASS</key>
				<string>YES_ERROR</string>
				<key>CLANG_WARN__DUPLICATE_METHOD_MATCH</key>
				<string>YES</string>
				<key>CODE_SIGN_IDENTITY[sdk=iphoneos*]</key>
				<string>iPhone Developer</string>
				<key>COPY_PHASE_STRIP</key>
				<string>YES</string>
				<key>ENABLE_NS_ASSERTIONS</key>
				<string>NO</string>
				<key>GCC_C_LANGUAGE_STANDARD</key>
				<string>gnu99</string>
				<key>GCC_WARN_64_TO_32_BIT_CONVERSION</key>
				<string>YES</string>
				<key>GCC_WARN_ABOUT_RETURN_TYPE</key>
				<string>YES_ERROR</string>
				<key>GCC_WARN_UNDECLARED_SELECTOR</key>
				<string>YES</string>
				<key>GCC_WARN_UNINITIALIZED_AUTOS</key>
				<string>YES</string>
				<key>GCC_WARN_UNUSED_FUNCTION</key>
				<string>YES</string>
				<key>GCC_WARN_UNUSED_VARIABLE</key>
				<string>YES</string>
				<key>IPHONEOS_DEPLOYMENT_TARGET</key>
				<string>7.0</string>
				<key>SDKROOT</key>
				<string>iphoneos</string>
				<key>VALIDATE_PRODUCT</key>
				<string>YES</string>
			</dict>
			<key>isa</key>
			<string>XCBuildConfiguration</string>
			<key>name</key>
			<string>Release</string>
		</dict>
		<key>D3EBC89118863D5E00194736</key>
		<dict>
			<key>buildConfigurations</key>
			<array>
				<string>D3EBC89218863D5E00194736</string>
				<string>D3EBC89318863D5E00194736</string>
			</array>
			<key>defaultConfigurationIsVisible</key>
			<string>0</string>
			<key>isa</key>
			<string>XCConfigurationList</string>
		</dict>
		<key>D3EBC89218863D5E00194736</key>
		<dict>
			<key>baseConfigurationReference</key>
			<string>6FFE135E795D4F5DAC36D819</string>
			<key>buildSettings</key>
			<dict>
				<key>ASSETCATALOG_COMPILER_APPICON_NAME</key>
				<string>AppIcon</string>
				<key>ASSETCATALOG_COMPILER_LAUNCHIMAGE_NAME</key>
				<string>LaunchImage</string>
				<key>GCC_PRECOMPILE_PREFIX_HEADER</key>
				<string>YES</string>
				<key>GCC_PREFIX_HEADER</key>
				<string>LayoutDemo/LayoutDemo-Prefix.pch</string>
				<key>INFOPLIST_FILE</key>
				<string>LayoutDemo/LayoutDemo-Info.plist</string>
				<key>PRODUCT_NAME</key>
				<string>$(TARGET_NAME)</string>
				<key>WRAPPER_EXTENSION</key>
				<string>app</string>
			</dict>
			<key>isa</key>
			<string>XCBuildConfiguration</string>
			<key>name</key>
			<string>Debug</string>
		</dict>
		<key>D3EBC89318863D5E00194736</key>
		<dict>
			<key>baseConfigurationReference</key>
			<string>6FFE135E795D4F5DAC36D819</string>
			<key>buildSettings</key>
			<dict>
				<key>ASSETCATALOG_COMPILER_APPICON_NAME</key>
				<string>AppIcon</string>
				<key>ASSETCATALOG_COMPILER_LAUNCHIMAGE_NAME</key>
				<string>LaunchImage</string>
				<key>GCC_PRECOMPILE_PREFIX_HEADER</key>
				<string>YES</string>
				<key>GCC_PREFIX_HEADER</key>
				<string>LayoutDemo/LayoutDemo-Prefix.pch</string>
				<key>INFOPLIST_FILE</key>
				<string>LayoutDemo/LayoutDemo-Info.plist</string>
				<key>PRODUCT_NAME</key>
				<string>$(TARGET_NAME)</string>
				<key>WRAPPER_EXTENSION</key>
				<string>app</string>
			</dict>
			<key>isa</key>
			<string>XCBuildConfiguration</string>
			<key>name</key>
			<string>Release</string>
		</dict>
		<key>D3EBC89418863D5E00194736</key>
		<dict>
			<key>buildConfigurations</key>
			<array>
				<string>D3EBC89518863D5E00194736</string>
				<string>D3EBC89618863D5E00194736</string>
			</array>
			<key>defaultConfigurationIsVisible</key>
			<string>0</string>
			<key>isa</key>
			<string>XCConfigurationList</string>
		</dict>
		<key>D3EBC89518863D5E00194736</key>
		<dict>
			<key>buildSettings</key>
			<dict>
				<key>ARCHS</key>
				<string>$(ARCHS_STANDARD_INCLUDING_64_BIT)</string>
				<key>BUNDLE_LOADER</key>
				<string>$(BUILT_PRODUCTS_DIR)/LayoutDemo.app/LayoutDemo</string>
				<key>FRAMEWORK_SEARCH_PATHS</key>
				<array>
					<string>$(SDKROOT)/Developer/Library/Frameworks</string>
					<string>$(inherited)</string>
					<string>$(DEVELOPER_FRAMEWORKS_DIR)</string>
				</array>
				<key>GCC_PRECOMPILE_PREFIX_HEADER</key>
				<string>YES</string>
				<key>GCC_PREFIX_HEADER</key>
				<string>LayoutDemo/LayoutDemo-Prefix.pch</string>
				<key>GCC_PREPROCESSOR_DEFINITIONS</key>
				<array>
					<string>DEBUG=1</string>
					<string>$(inherited)</string>
				</array>
				<key>INFOPLIST_FILE</key>
				<string>LayoutDemoTests/LayoutDemoTests-Info.plist</string>
				<key>PRODUCT_NAME</key>
				<string>$(TARGET_NAME)</string>
				<key>TEST_HOST</key>
				<string>$(BUNDLE_LOADER)</string>
				<key>WRAPPER_EXTENSION</key>
				<string>xctest</string>
			</dict>
			<key>isa</key>
			<string>XCBuildConfiguration</string>
			<key>name</key>
			<string>Debug</string>
		</dict>
		<key>D3EBC89618863D5E00194736</key>
		<dict>
			<key>buildSettings</key>
			<dict>
				<key>ARCHS</key>
				<string>$(ARCHS_STANDARD_INCLUDING_64_BIT)</string>
				<key>BUNDLE_LOADER</key>
				<string>$(BUILT_PRODUCTS_DIR)/LayoutDemo.app/LayoutDemo</string>
				<key>FRAMEWORK_SEARCH_PATHS</key>
				<array>
					<string>$(SDKROOT)/Developer/Library/Frameworks</string>
					<string>$(inherited)</string>
					<string>$(DEVELOPER_FRAMEWORKS_DIR)</string>
				</array>
				<key>GCC_PRECOMPILE_PREFIX_HEADER</key>
				<string>YES</string>
				<key>GCC_PREFIX_HEADER</key>
				<string>LayoutDemo/LayoutDemo-Prefix.pch</string>
				<key>INFOPLIST_FILE</key>
				<string>LayoutDemoTests/LayoutDemoTests-Info.plist</string>
				<key>PRODUCT_NAME</key>
				<string>$(TARGET_NAME)</string>
				<key>TEST_HOST</key>
				<string>$(BUNDLE_LOADER)</string>
				<key>WRAPPER_EXTENSION</key>
				<string>xctest</string>
			</dict>
			<key>isa</key>
			<string>XCBuildConfiguration</string>
			<key>name</key>
			<string>Release</string>
		</dict>
		<key>D3EBC89718863D7F00194736</key>
		<dict>
			<key>fileEncoding</key>
			<string>4</string>
			<key>isa</key>
			<string>PBXFileReference</string>
			<key>lastKnownFileType</key>
			<string>sourcecode.c.h</string>
			<key>path</key>
			<string>UICollectionViewLayout+Layouts.h</string>
			<key>sourceTree</key>
			<string>&lt;group&gt;</string>
		</dict>
		<key>D3EBC89818863D7F00194736</key>
		<dict>
			<key>fileEncoding</key>
			<string>4</string>
			<key>isa</key>
			<string>PBXFileReference</string>
			<key>lastKnownFileType</key>
			<string>sourcecode.c.objc</string>
			<key>path</key>
			<string>UICollectionViewLayout+Layouts.m</string>
			<key>sourceTree</key>
			<string>&lt;group&gt;</string>
		</dict>
		<key>D3EBC89918863D7F00194736</key>
		<dict>
			<key>fileRef</key>
			<string>D3EBC89818863D7F00194736</string>
			<key>isa</key>
			<string>PBXBuildFile</string>
		</dict>
		<key>D3EBC89D18863DCB00194736</key>
		<dict>
			<key>fileEncoding</key>
			<string>4</string>
			<key>isa</key>
			<string>PBXFileReference</string>
			<key>lastKnownFileType</key>
			<string>sourcecode.c.h</string>
			<key>path</key>
			<string>PTLCollectionViewController.h</string>
			<key>sourceTree</key>
			<string>&lt;group&gt;</string>
		</dict>
		<key>D3EBC89E18863DCB00194736</key>
		<dict>
			<key>fileEncoding</key>
			<string>4</string>
			<key>isa</key>
			<string>PBXFileReference</string>
			<key>lastKnownFileType</key>
			<string>sourcecode.c.objc</string>
			<key>path</key>
			<string>PTLCollectionViewController.m</string>
			<key>sourceTree</key>
			<string>&lt;group&gt;</string>
		</dict>
		<key>D3EBC89F18863DCB00194736</key>
		<dict>
			<key>fileRef</key>
			<string>D3EBC89E18863DCB00194736</string>
			<key>isa</key>
			<string>PBXBuildFile</string>
		</dict>
		<key>D3EBC8A018863DEE00194736</key>
		<dict>
			<key>fileEncoding</key>
			<string>4</string>
			<key>isa</key>
			<string>PBXFileReference</string>
			<key>lastKnownFileType</key>
			<string>sourcecode.c.h</string>
			<key>path</key>
			<string>PTLCollectionViewCell.h</string>
			<key>sourceTree</key>
			<string>&lt;group&gt;</string>
		</dict>
		<key>D3EBC8A118863DEE00194736</key>
		<dict>
			<key>fileEncoding</key>
			<string>4</string>
			<key>isa</key>
			<string>PBXFileReference</string>
			<key>lastKnownFileType</key>
			<string>sourcecode.c.objc</string>
			<key>path</key>
			<string>PTLCollectionViewCell.m</string>
			<key>sourceTree</key>
			<string>&lt;group&gt;</string>
		</dict>
		<key>D3EBC8A218863DEE00194736</key>
		<dict>
			<key>fileRef</key>
			<string>D3EBC8A118863DEE00194736</string>
			<key>isa</key>
			<string>PBXBuildFile</string>
		</dict>
		<key>D3EBC8A318863DFE00194736</key>
		<dict>
			<key>fileEncoding</key>
			<string>4</string>
			<key>isa</key>
			<string>PBXFileReference</string>
			<key>lastKnownFileType</key>
			<string>file.xib</string>
			<key>path</key>
			<string>PTLCollectionViewCell.xib</string>
			<key>sourceTree</key>
			<string>&lt;group&gt;</string>
		</dict>
		<key>D3EBC8A418863DFE00194736</key>
		<dict>
			<key>fileRef</key>
			<string>D3EBC8A318863DFE00194736</string>
			<key>isa</key>
			<string>PBXBuildFile</string>
		</dict>
		<key>D3EBC8A518863E6F00194736</key>
		<dict>
			<key>children</key>
			<array>
				<string>D3EBC89718863D7F00194736</string>
				<string>D3EBC89818863D7F00194736</string>
				<string>D3EBC8A7188642DF00194736</string>
				<string>D3EBC8A8188642DF00194736</string>
			</array>
			<key>isa</key>
			<string>PBXGroup</string>
			<key>name</key>
			<string>Layouts</string>
			<key>sourceTree</key>
			<string>&lt;group&gt;</string>
		</dict>
		<key>D3EBC8A618863E8200194736</key>
		<dict>
			<key>children</key>
			<array>
				<string>D3EBC89D18863DCB00194736</string>
				<string>D3EBC89E18863DCB00194736</string>
				<string>D3EBC8A018863DEE00194736</string>
				<string>D3EBC8A118863DEE00194736</string>
				<string>D3EBC8A318863DFE00194736</string>
			</array>
			<key>isa</key>
			<string>PBXGroup</string>
			<key>name</key>
			<string>Collections View</string>
			<key>sourceTree</key>
			<string>&lt;group&gt;</string>
		</dict>
		<key>D3EBC8A7188642DF00194736</key>
		<dict>
			<key>fileEncoding</key>
			<string>4</string>
			<key>isa</key>
			<string>PBXFileReference</string>
			<key>lastKnownFileType</key>
			<string>sourcecode.c.h</string>
			<key>path</key>
			<string>PTLCircleLayout.h</string>
			<key>sourceTree</key>
			<string>&lt;group&gt;</string>
		</dict>
		<key>D3EBC8A8188642DF00194736</key>
		<dict>
			<key>fileEncoding</key>
			<string>4</string>
			<key>isa</key>
			<string>PBXFileReference</string>
			<key>lastKnownFileType</key>
			<string>sourcecode.c.objc</string>
			<key>path</key>
			<string>PTLCircleLayout.m</string>
			<key>sourceTree</key>
			<string>&lt;group&gt;</string>
		</dict>
		<key>D3EBC8A9188642DF00194736</key>
		<dict>
			<key>fileRef</key>
			<string>D3EBC8A8188642DF00194736</string>
			<key>isa</key>
			<string>PBXBuildFile</string>
		</dict>
	</dict>
	<key>rootObject</key>
	<string>D3EBC85D18863D5E00194736</string>
</dict>
</plist>
